// !$*UTF8*$!
{
	archiveVersion = 1;
	classes = {
	};
	objectVersion = 63;
	objects = {

/* Begin PBXBuildFile section */
		0858982E3977DCE378110A60 /* NetWorth.swift in Sources */ = {isa = PBXBuildFile; fileRef = 6C4DCC42EA8523175ECCE2FD /* NetWorth.swift */; };
		1A97F3013E39BEEC58493A68 /* BudgetView.swift in Sources */ = {isa = PBXBuildFile; fileRef = CDBE53B32AB6AAF3819626BD /* BudgetView.swift */; };
		214379DC72F13DAB17FCD315 /* DataService.swift in Sources */ = {isa = PBXBuildFile; fileRef = CE483704948AA644EB277F8B /* DataService.swift */; };
		2A1DB7F13F619AFE53C29C21 /* DebtTrackerView.swift in Sources */ = {isa = PBXBuildFile; fileRef = 5DB51723C60BF6087D5B39BA /* DebtTrackerView.swift */; };
		42076C7ABF11E4810A321551 /* LoginView.swift in Sources */ = {isa = PBXBuildFile; fileRef = 71C54ED6C1334F61DC637B7A /* LoginView.swift */; };
		513DB93593805FC5FBE18199 /* User.swift in Sources */ = {isa = PBXBuildFile; fileRef = 1C5BEE8D62642550BCD841D0 /* User.swift */; };
		75607BF292CA13296EAE2B98 /* Debt.swift in Sources */ = {isa = PBXBuildFile; fileRef = 4E7FB4E83991EF5D8A62C672 /* Debt.swift */; };
		7FA766DD6AD7C37B9043B443 /* DashboardView.swift in Sources */ = {isa = PBXBuildFile; fileRef = 08F6D776416A0ABE53A17452 /* DashboardView.swift */; };
		823B9E10A5F6A51891698916 /* BradleysFinanceHubApp.swift in Sources */ = {isa = PBXBuildFile; fileRef = 8A9485D6005F114AF6B3C85A /* BradleysFinanceHubApp.swift */; };
		A6BAD69311722E8C33D9A33A /* SavingsGoal.swift in Sources */ = {isa = PBXBuildFile; fileRef = ABF42170847F58E5488FCC9F /* SavingsGoal.swift */; };
		A6EC10838CAEB8737619C232 /* MainTabView.swift in Sources */ = {isa = PBXBuildFile; fileRef = B4284F59E570C6013A4C507B /* MainTabView.swift */; };
		B3DA761C34A9C68BE8184453 /* SavingsGoalsView.swift in Sources */ = {isa = PBXBuildFile; fileRef = D256586BB9D076CAF08CEBCB /* SavingsGoalsView.swift */; };
		BD8C59571FF335458F359B22 /* RegisterView.swift in Sources */ = {isa = PBXBuildFile; fileRef = 44653403945FE66E79DF44B4 /* RegisterView.swift */; };
		BD998FA6BDB75D63C9B6E885 /* ContentView.swift in Sources */ = {isa = PBXBuildFile; fileRef = 908202004E1E7335BD8EAF46 /* ContentView.swift */; };
		C52AC95D3B1162AE04771AFF /* Budget.swift in Sources */ = {isa = PBXBuildFile; fileRef = 92D637694ABC58315BFDF936 /* Budget.swift */; };
		CC762EF22823411D0014F675 /* ResetPasswordView.swift in Sources */ = {isa = PBXBuildFile; fileRef = AF99FCCE0F24EB29B526F756 /* ResetPasswordView.swift */; };
		DDF1EAF434FCDF0A6129F919 /* Activity.swift in Sources */ = {isa = PBXBuildFile; fileRef = 8AD00FBC11EA572C0E9B48EB /* Activity.swift */; };
		DF2D29454B3DC61B13CB69EB /* AuthenticationService.swift in Sources */ = {isa = PBXBuildFile; fileRef = 05A1000E49F7C82A0BDD33A3 /* AuthenticationService.swift */; };
		E1A1A1A1A1A1A1A1A1A1A1A1 /* CoreDataStack.swift in Sources */ = {isa = PBXBuildFile; fileRef = E1CDSTACK0000000000000001 /* CoreDataStack.swift */; };
		E1A1A1A1A1A1A1A1A1A1A1A2 /* Entities.swift in Sources */ = {isa = PBXBuildFile; fileRef = E1CDENTS0000000000000001 /* Entities.swift */; };
		E1A1A1A1A1A1A1A1A1A1A1A3 /* NotificationsManager.swift in Sources */ = {isa = PBXBuildFile; fileRef = E1SERVNOTIF00000000000001 /* NotificationsManager.swift */; };
		E1A1A1A1A1A1A1A1A1A1A1A4 /* ActivityFeedView.swift in Sources */ = {isa = PBXBuildFile; fileRef = E1VIEWACTIVITY000000000001 /* ActivityFeedView.swift */; };
		E1A1A1A1A1A1A1A1A1A1A1A5 /* ChallengeLibraryView.swift in Sources */ = {isa = PBXBuildFile; fileRef = E1VIEWCHAL000000000000001 /* ChallengeLibraryView.swift */; };
		E1A1A1A1A1A1A1A1A1A1A1A6 /* CreditScoreEstimatorView.swift in Sources */ = {isa = PBXBuildFile; fileRef = E1VIEWCREDIT0000000000001 /* CreditScoreEstimatorView.swift */; };
		E1A1A1A1A1A1A1A1A1A1A1A7 /* NetWorthView.swift in Sources */ = {isa = PBXBuildFile; fileRef = E1VIEWNETWORTH00000000001 /* NetWorthView.swift */; };
		E1A1A1A1A1A1A1A1A1A1A1A8 /* NotificationsView.swift in Sources */ = {isa = PBXBuildFile; fileRef = E1VIEWNOTIFS0000000000001 /* NotificationsView.swift */; };
		E1A1A1A1A1A1A1A1A1A1A1A9 /* SmokeTestView.swift in Sources */ = {isa = PBXBuildFile; fileRef = E1VIEWSMOKE00000000000001 /* SmokeTestView.swift */; };
		E1A1A1A1A1A1A1A1A1A1A1AA /* VelocityCalculatorView.swift in Sources */ = {isa = PBXBuildFile; fileRef = E1VIEWVELOC00000000000001 /* VelocityCalculatorView.swift */; };
		E1A1A1A1A1A1A1A1A1A1A1AB /* TransactionsView.swift in Sources */ = {isa = PBXBuildFile; fileRef = E1VIEWTRANS00000000000001 /* TransactionsView.swift */; };
		E1A1A1A1A1A1A1A1A1A1A1AC /* ChartsView.swift in Sources */ = {isa = PBXBuildFile; fileRef = E1VIEWCHARTS0000000000001 /* ChartsView.swift */; };
		E1A1A1A1A1A1A1A1A1A1A1AD /* SettingsView.swift in Sources */ = {isa = PBXBuildFile; fileRef = E1VIEWSETTINGS00000000001 /* SettingsView.swift */; };
		E1A1A1A1A1A1A1A1A1A1A1AE /* TransactionFiltersView.swift in Sources */ = {isa = PBXBuildFile; fileRef = E1VIEWFILTERS00000000001 /* TransactionFiltersView.swift */; };
		E1A1A1A1A1A1A1A1A1A1A1AF /* NetWorthBreakdownView.swift in Sources */ = {isa = PBXBuildFile; fileRef = E1VIEWNWBREAK00000000001 /* NetWorthBreakdownView.swift */; };
		E1A1A1A1A1A1A1A1A1A1A1B0 /* GoalMilestonesView.swift in Sources */ = {isa = PBXBuildFile; fileRef = E1VIEWMILESTONE0000000001 /* GoalMilestonesView.swift */; };
		E1MODELTRANS0000000000001 /* Transaction.swift in Sources */ = {isa = PBXBuildFile; fileRef = E1MODELTRANS0000000000002 /* Transaction.swift */; };
		E1MODELPAYMENT00000000001 /* DebtPayment.swift in Sources */ = {isa = PBXBuildFile; fileRef = E1MODELPAYMENT00000000002 /* DebtPayment.swift */; };
		E1MODELCONTRIB00000000001 /* SavingsContribution.swift in Sources */ = {isa = PBXBuildFile; fileRef = E1MODELCONTRIB00000000002 /* SavingsContribution.swift */; };
		E1MODELBUDGETCAT00000001 /* BudgetCategory.swift in Sources */ = {isa = PBXBuildFile; fileRef = E1MODELBUDGETCAT00000002 /* BudgetCategory.swift */; };
		E1MODELNWCAT00000000001 /* NetWorthCategory.swift in Sources */ = {isa = PBXBuildFile; fileRef = E1MODELNWCAT00000000002 /* NetWorthCategory.swift */; };
		E1SERVEXPORT000000000001 /* DataExportService.swift in Sources */ = {isa = PBXBuildFile; fileRef = E1SERVEXPORT000000000002 /* DataExportService.swift */; };
		E1SERVTHEME00000000000001 /* AppTheme.swift in Sources */ = {isa = PBXBuildFile; fileRef = E1SERVTHEME00000000000002 /* AppTheme.swift */; };
		E1PRIVMANIFESTBUILD0000000001 /* PrivacyInfo.xcprivacy in Resources */ = {isa = PBXBuildFile; fileRef = E1PRIVMANIFESTREF0000000001 /* PrivacyInfo.xcprivacy */; };
		E1ENTITLEMENTSREF0000000000001 /* BradleysFinanceHub.entitlements */ = {isa = PBXFileReference; lastKnownFileType = text.plist.entitlements; path = BradleysFinanceHub.entitlements; sourceTree = "<group>"; };
		E1VIEWPRIVACY0000000000001 /* PrivacyPolicyView.swift in Sources */ = {isa = PBXBuildFile; fileRef = E1VIEWPRIVACY0000000000002 /* PrivacyPolicyView.swift */; };
		E1VIEWTERMS0000000000000001 /* TermsOfServiceView.swift in Sources */ = {isa = PBXBuildFile; fileRef = E1VIEWTERMS0000000000000002 /* TermsOfServiceView.swift */; };
		E1VIEWSIGNINAPPLE00000001 /* SignInWithAppleButtonView.swift in Sources */ = {isa = PBXBuildFile; fileRef = E1VIEWSIGNINAPPLE00000002 /* SignInWithAppleButtonView.swift */; };
		E1SERVBIOMETRIC000000001 /* BiometricAuthService.swift in Sources */ = {isa = PBXBuildFile; fileRef = E1SERVBIOMETRIC000000002 /* BiometricAuthService.swift */; };
		E1VIEWBIOMETRIC000000001 /* BiometricAuthView.swift in Sources */ = {isa = PBXBuildFile; fileRef = E1VIEWBIOMETRIC000000002 /* BiometricAuthView.swift */; };
		E1MODELRECURRING0000000001 /* RecurringTransaction.swift in Sources */ = {isa = PBXBuildFile; fileRef = E1MODELRECURRING0000000002 /* RecurringTransaction.swift */; };
		E1MODELACCOUNT000000000001 /* Account.swift in Sources */ = {isa = PBXBuildFile; fileRef = E1MODELACCOUNT000000000002 /* Account.swift */; };
		E1MODELRECEIPT0000000000001 /* Receipt.swift in Sources */ = {isa = PBXBuildFile; fileRef = E1MODELRECEIPT0000000000002 /* Receipt.swift */; };
		E1MODELHEALTH0000000000001 /* FinancialHealthScore.swift in Sources */ = {isa = PBXBuildFile; fileRef = E1MODELHEALTH0000000000002 /* FinancialHealthScore.swift */; };
		E1MODELTEMPLATE000000000001 /* BudgetTemplate.swift in Sources */ = {isa = PBXBuildFile; fileRef = E1MODELTEMPLATE000000000002 /* BudgetTemplate.swift */; };
		E1SERVIMPORT0000000000001 /* DataImportService.swift in Sources */ = {isa = PBXBuildFile; fileRef = E1SERVIMPORT0000000000002 /* DataImportService.swift */; };
		E1SERVREPORT0000000000001 /* FinancialReportService.swift in Sources */ = {isa = PBXBuildFile; fileRef = E1SERVREPORT0000000000002 /* FinancialReportService.swift */; };
		E1SERVINSIGHTS000000000001 /* InsightsService.swift in Sources */ = {isa = PBXBuildFile; fileRef = E1SERVINSIGHTS000000000002 /* InsightsService.swift */; };
		E1SERVHEALTH0000000000001 /* FinancialHealthService.swift in Sources */ = {isa = PBXBuildFile; fileRef = E1SERVHEALTH0000000000002 /* FinancialHealthService.swift */; };
		E1VIEWRECURRING00000000001 /* RecurringTransactionsView.swift in Sources */ = {isa = PBXBuildFile; fileRef = E1VIEWRECURRING00000000002 /* RecurringTransactionsView.swift */; };
		E1VIEWREPORTS0000000000001 /* ReportsView.swift in Sources */ = {isa = PBXBuildFile; fileRef = E1VIEWREPORTS0000000000002 /* ReportsView.swift */; };
		E1VIEWINSIGHTS000000000001 /* InsightsView.swift in Sources */ = {isa = PBXBuildFile; fileRef = E1VIEWINSIGHTS000000000002 /* InsightsView.swift */; };
		E1VIEWCALENDAR000000000001 /* FinancialCalendarView.swift in Sources */ = {isa = PBXBuildFile; fileRef = E1VIEWCALENDAR000000000002 /* FinancialCalendarView.swift */; };
		E1VIEWACCOUNTS0000000000001 /* AccountsView.swift in Sources */ = {isa = PBXBuildFile; fileRef = E1VIEWACCOUNTS0000000000002 /* AccountsView.swift */; };
		E1VIEWHEALTH0000000000001 /* FinancialHealthScoreView.swift in Sources */ = {isa = PBXBuildFile; fileRef = E1VIEWHEALTH0000000000002 /* FinancialHealthScoreView.swift */; };
		E1VIEWPAYOFF00000000000001 /* DebtPayoffTimelineView.swift in Sources */ = {isa = PBXBuildFile; fileRef = E1VIEWPAYOFF00000000000002 /* DebtPayoffTimelineView.swift */; };
		E1VIEWEMERGENCY00000000001 /* EmergencyFundTrackerView.swift in Sources */ = {isa = PBXBuildFile; fileRef = E1VIEWEMERGENCY00000000002 /* EmergencyFundTrackerView.swift */; };
		E1VIEWTEMPLATE0000000000001 /* BudgetTemplateView.swift in Sources */ = {isa = PBXBuildFile; fileRef = E1VIEWTEMPLATE0000000000002 /* BudgetTemplateView.swift */; };
		E1VIEWIMPORT00000000000001 /* DataImportView.swift in Sources */ = {isa = PBXBuildFile; fileRef = E1VIEWIMPORT00000000000002 /* DataImportView.swift */; };
		E1ASSETSCATALOG0000000000001 /* Assets.xcassets in Resources */ = {isa = PBXBuildFile; fileRef = E1ASSETSCATALOG0000000000002 /* Assets.xcassets */; };
/* End PBXBuildFile section */

/* Begin PBXFileReference section */
		05A1000E49F7C82A0BDD33A3 /* AuthenticationService.swift */ = {isa = PBXFileReference; lastKnownFileType = sourcecode.swift; path = AuthenticationService.swift; sourceTree = "<group>"; };
		08F6D776416A0ABE53A17452 /* DashboardView.swift */ = {isa = PBXFileReference; lastKnownFileType = sourcecode.swift; path = DashboardView.swift; sourceTree = "<group>"; };
		1C5BEE8D62642550BCD841D0 /* User.swift */ = {isa = PBXFileReference; lastKnownFileType = sourcecode.swift; path = User.swift; sourceTree = "<group>"; };
		3364627F91C0416717985348 /* LaunchScreen.storyboard */ = {isa = PBXFileReference; lastKnownFileType = file.storyboard; path = LaunchScreen.storyboard; sourceTree = "<group>"; };
		44653403945FE66E79DF44B4 /* RegisterView.swift */ = {isa = PBXFileReference; lastKnownFileType = sourcecode.swift; path = RegisterView.swift; sourceTree = "<group>"; };
		4E7FB4E83991EF5D8A62C672 /* Debt.swift */ = {isa = PBXFileReference; lastKnownFileType = sourcecode.swift; path = Debt.swift; sourceTree = "<group>"; };
		5DB51723C60BF6087D5B39BA /* DebtTrackerView.swift */ = {isa = PBXFileReference; lastKnownFileType = sourcecode.swift; path = DebtTrackerView.swift; sourceTree = "<group>"; };
		6C4DCC42EA8523175ECCE2FD /* NetWorth.swift */ = {isa = PBXFileReference; lastKnownFileType = sourcecode.swift; path = NetWorth.swift; sourceTree = "<group>"; };
		71C54ED6C1334F61DC637B7A /* LoginView.swift */ = {isa = PBXFileReference; lastKnownFileType = sourcecode.swift; path = LoginView.swift; sourceTree = "<group>"; };
		8A9485D6005F114AF6B3C85A /* BradleysFinanceHubApp.swift */ = {isa = PBXFileReference; lastKnownFileType = sourcecode.swift; path = BradleysFinanceHubApp.swift; sourceTree = "<group>"; };
		8AD00FBC11EA572C0E9B48EB /* Activity.swift */ = {isa = PBXFileReference; lastKnownFileType = sourcecode.swift; path = Activity.swift; sourceTree = "<group>"; };
		908202004E1E7335BD8EAF46 /* ContentView.swift */ = {isa = PBXFileReference; lastKnownFileType = sourcecode.swift; path = ContentView.swift; sourceTree = "<group>"; };
		92D637694ABC58315BFDF936 /* Budget.swift */ = {isa = PBXFileReference; lastKnownFileType = sourcecode.swift; path = Budget.swift; sourceTree = "<group>"; };
		ABF42170847F58E5488FCC9F /* SavingsGoal.swift */ = {isa = PBXFileReference; lastKnownFileType = sourcecode.swift; path = SavingsGoal.swift; sourceTree = "<group>"; };
		AF99FCCE0F24EB29B526F756 /* ResetPasswordView.swift */ = {isa = PBXFileReference; lastKnownFileType = sourcecode.swift; path = ResetPasswordView.swift; sourceTree = "<group>"; };
		B4284F59E570C6013A4C507B /* MainTabView.swift */ = {isa = PBXFileReference; lastKnownFileType = sourcecode.swift; path = MainTabView.swift; sourceTree = "<group>"; };
		BB71D8A39F8D07734261FD41 /* BradleysFinanceHub.app */ = {isa = PBXFileReference; explicitFileType = wrapper.application; includeInIndex = 0; path = BradleysFinanceHub.app; sourceTree = BUILT_PRODUCTS_DIR; };
		CDBE53B32AB6AAF3819626BD /* BudgetView.swift */ = {isa = PBXFileReference; lastKnownFileType = sourcecode.swift; path = BudgetView.swift; sourceTree = "<group>"; };
		CE483704948AA644EB277F8B /* DataService.swift */ = {isa = PBXFileReference; lastKnownFileType = sourcecode.swift; path = DataService.swift; sourceTree = "<group>"; };
		D256586BB9D076CAF08CEBCB /* SavingsGoalsView.swift */ = {isa = PBXFileReference; lastKnownFileType = sourcecode.swift; path = SavingsGoalsView.swift; sourceTree = "<group>"; };
		E1CDENTS0000000000000001 /* Entities.swift */ = {isa = PBXFileReference; lastKnownFileType = sourcecode.swift; path = Entities.swift; sourceTree = "<group>"; };
		E1CDSTACK0000000000000001 /* CoreDataStack.swift */ = {isa = PBXFileReference; lastKnownFileType = sourcecode.swift; path = CoreDataStack.swift; sourceTree = "<group>"; };
		E1PRIVMANIFESTREF0000000001 /* PrivacyInfo.xcprivacy */ = {isa = PBXFileReference; lastKnownFileType = text.json; path = PrivacyInfo.xcprivacy; sourceTree = "<group>"; };
		E1ASSETSCATALOG0000000000002 /* Assets.xcassets */ = {isa = PBXFileReference; lastKnownFileType = folder.assetcatalog; path = Assets.xcassets; sourceTree = "<group>"; };
		E1SERVNOTIF00000000000001 /* NotificationsManager.swift */ = {isa = PBXFileReference; lastKnownFileType = sourcecode.swift; path = NotificationsManager.swift; sourceTree = "<group>"; };
		E1VIEWACTIVITY000000000001 /* ActivityFeedView.swift */ = {isa = PBXFileReference; lastKnownFileType = sourcecode.swift; path = ActivityFeedView.swift; sourceTree = "<group>"; };
		E1VIEWCHAL000000000000001 /* ChallengeLibraryView.swift */ = {isa = PBXFileReference; lastKnownFileType = sourcecode.swift; path = ChallengeLibraryView.swift; sourceTree = "<group>"; };
		E1VIEWCREDIT0000000000001 /* CreditScoreEstimatorView.swift */ = {isa = PBXFileReference; lastKnownFileType = sourcecode.swift; path = CreditScoreEstimatorView.swift; sourceTree = "<group>"; };
		E1VIEWNETWORTH00000000001 /* NetWorthView.swift */ = {isa = PBXFileReference; lastKnownFileType = sourcecode.swift; path = NetWorthView.swift; sourceTree = "<group>"; };
		E1VIEWNOTIFS0000000000001 /* NotificationsView.swift */ = {isa = PBXFileReference; lastKnownFileType = sourcecode.swift; path = NotificationsView.swift; sourceTree = "<group>"; };
		E1VIEWSMOKE00000000000001 /* SmokeTestView.swift */ = {isa = PBXFileReference; lastKnownFileType = sourcecode.swift; path = SmokeTestView.swift; sourceTree = "<group>"; };
		E1VIEWVELOC00000000000001 /* VelocityCalculatorView.swift */ = {isa = PBXFileReference; lastKnownFileType = sourcecode.swift; path = VelocityCalculatorView.swift; sourceTree = "<group>"; };
		E1VIEWTRANS00000000000001 /* TransactionsView.swift */ = {isa = PBXFileReference; lastKnownFileType = sourcecode.swift; path = TransactionsView.swift; sourceTree = "<group>"; };
		E1VIEWCHARTS0000000000001 /* ChartsView.swift */ = {isa = PBXFileReference; lastKnownFileType = sourcecode.swift; path = ChartsView.swift; sourceTree = "<group>"; };
		E1VIEWSETTINGS00000000001 /* SettingsView.swift */ = {isa = PBXFileReference; lastKnownFileType = sourcecode.swift; path = SettingsView.swift; sourceTree = "<group>"; };
		E1VIEWFILTERS00000000001 /* TransactionFiltersView.swift */ = {isa = PBXFileReference; lastKnownFileType = sourcecode.swift; path = TransactionFiltersView.swift; sourceTree = "<group>"; };
		E1VIEWNWBREAK00000000001 /* NetWorthBreakdownView.swift */ = {isa = PBXFileReference; lastKnownFileType = sourcecode.swift; path = NetWorthBreakdownView.swift; sourceTree = "<group>"; };
		E1VIEWMILESTONE0000000001 /* GoalMilestonesView.swift */ = {isa = PBXFileReference; lastKnownFileType = sourcecode.swift; path = GoalMilestonesView.swift; sourceTree = "<group>"; };
		E1MODELTRANS0000000000002 /* Transaction.swift */ = {isa = PBXFileReference; lastKnownFileType = sourcecode.swift; path = Transaction.swift; sourceTree = "<group>"; };
		E1MODELPAYMENT00000000002 /* DebtPayment.swift */ = {isa = PBXFileReference; lastKnownFileType = sourcecode.swift; path = DebtPayment.swift; sourceTree = "<group>"; };
		E1MODELCONTRIB00000000002 /* SavingsContribution.swift */ = {isa = PBXFileReference; lastKnownFileType = sourcecode.swift; path = SavingsContribution.swift; sourceTree = "<group>"; };
		E1MODELBUDGETCAT00000002 /* BudgetCategory.swift */ = {isa = PBXFileReference; lastKnownFileType = sourcecode.swift; path = BudgetCategory.swift; sourceTree = "<group>"; };
		E1MODELNWCAT00000000002 /* NetWorthCategory.swift */ = {isa = PBXFileReference; lastKnownFileType = sourcecode.swift; path = NetWorthCategory.swift; sourceTree = "<group>"; };
		E1SERVEXPORT000000000002 /* DataExportService.swift */ = {isa = PBXFileReference; lastKnownFileType = sourcecode.swift; path = DataExportService.swift; sourceTree = "<group>"; };
		E1SERVTHEME00000000000002 /* AppTheme.swift */ = {isa = PBXFileReference; lastKnownFileType = sourcecode.swift; path = AppTheme.swift; sourceTree = "<group>"; };
		E1VIEWPRIVACY0000000000002 /* PrivacyPolicyView.swift */ = {isa = PBXFileReference; lastKnownFileType = sourcecode.swift; path = PrivacyPolicyView.swift; sourceTree = "<group>"; };
		E1VIEWTERMS0000000000000002 /* TermsOfServiceView.swift */ = {isa = PBXFileReference; lastKnownFileType = sourcecode.swift; path = TermsOfServiceView.swift; sourceTree = "<group>"; };
		E1VIEWSIGNINAPPLE00000002 /* SignInWithAppleButtonView.swift */ = {isa = PBXFileReference; lastKnownFileType = sourcecode.swift; path = SignInWithAppleButtonView.swift; sourceTree = "<group>"; };
		E1SERVBIOMETRIC000000002 /* BiometricAuthService.swift */ = {isa = PBXFileReference; lastKnownFileType = sourcecode.swift; path = BiometricAuthService.swift; sourceTree = "<group>"; };
		E1VIEWBIOMETRIC000000002 /* BiometricAuthView.swift */ = {isa = PBXFileReference; lastKnownFileType = sourcecode.swift; path = BiometricAuthView.swift; sourceTree = "<group>"; };
		E1MODELRECURRING0000000002 /* RecurringTransaction.swift */ = {isa = PBXFileReference; lastKnownFileType = sourcecode.swift; path = RecurringTransaction.swift; sourceTree = "<group>"; };
		E1MODELACCOUNT000000000002 /* Account.swift */ = {isa = PBXFileReference; lastKnownFileType = sourcecode.swift; path = Account.swift; sourceTree = "<group>"; };
		E1MODELRECEIPT0000000000002 /* Receipt.swift */ = {isa = PBXFileReference; lastKnownFileType = sourcecode.swift; path = Receipt.swift; sourceTree = "<group>"; };
		E1MODELHEALTH0000000000002 /* FinancialHealthScore.swift */ = {isa = PBXFileReference; lastKnownFileType = sourcecode.swift; path = FinancialHealthScore.swift; sourceTree = "<group>"; };
		E1MODELTEMPLATE000000000002 /* BudgetTemplate.swift */ = {isa = PBXFileReference; lastKnownFileType = sourcecode.swift; path = BudgetTemplate.swift; sourceTree = "<group>"; };
		E1SERVIMPORT0000000000002 /* DataImportService.swift */ = {isa = PBXFileReference; lastKnownFileType = sourcecode.swift; path = DataImportService.swift; sourceTree = "<group>"; };
		E1SERVREPORT0000000000002 /* FinancialReportService.swift */ = {isa = PBXFileReference; lastKnownFileType = sourcecode.swift; path = FinancialReportService.swift; sourceTree = "<group>"; };
		E1SERVINSIGHTS000000000002 /* InsightsService.swift */ = {isa = PBXFileReference; lastKnownFileType = sourcecode.swift; path = InsightsService.swift; sourceTree = "<group>"; };
		E1SERVHEALTH0000000000002 /* FinancialHealthService.swift */ = {isa = PBXFileReference; lastKnownFileType = sourcecode.swift; path = FinancialHealthService.swift; sourceTree = "<group>"; };
		E1VIEWRECURRING00000000002 /* RecurringTransactionsView.swift */ = {isa = PBXFileReference; lastKnownFileType = sourcecode.swift; path = RecurringTransactionsView.swift; sourceTree = "<group>"; };
		E1VIEWREPORTS0000000000002 /* ReportsView.swift */ = {isa = PBXFileReference; lastKnownFileType = sourcecode.swift; path = ReportsView.swift; sourceTree = "<group>"; };
		E1VIEWINSIGHTS000000000002 /* InsightsView.swift */ = {isa = PBXFileReference; lastKnownFileType = sourcecode.swift; path = InsightsView.swift; sourceTree = "<group>"; };
		E1VIEWCALENDAR000000000002 /* FinancialCalendarView.swift */ = {isa = PBXFileReference; lastKnownFileType = sourcecode.swift; path = FinancialCalendarView.swift; sourceTree = "<group>"; };
		E1VIEWACCOUNTS0000000000002 /* AccountsView.swift */ = {isa = PBXFileReference; lastKnownFileType = sourcecode.swift; path = AccountsView.swift; sourceTree = "<group>"; };
		E1VIEWHEALTH0000000000002 /* FinancialHealthScoreView.swift */ = {isa = PBXFileReference; lastKnownFileType = sourcecode.swift; path = FinancialHealthScoreView.swift; sourceTree = "<group>"; };
		E1VIEWPAYOFF00000000000002 /* DebtPayoffTimelineView.swift */ = {isa = PBXFileReference; lastKnownFileType = sourcecode.swift; path = DebtPayoffTimelineView.swift; sourceTree = "<group>"; };
		E1VIEWEMERGENCY00000000002 /* EmergencyFundTrackerView.swift */ = {isa = PBXFileReference; lastKnownFileType = sourcecode.swift; path = EmergencyFundTrackerView.swift; sourceTree = "<group>"; };
		E1VIEWTEMPLATE0000000000002 /* BudgetTemplateView.swift */ = {isa = PBXFileReference; lastKnownFileType = sourcecode.swift; path = BudgetTemplateView.swift; sourceTree = "<group>"; };
		E1VIEWIMPORT00000000000002 /* DataImportView.swift */ = {isa = PBXFileReference; lastKnownFileType = sourcecode.swift; path = DataImportView.swift; sourceTree = "<group>"; };
/* End PBXFileReference section */

/* Begin PBXFrameworksBuildPhase section */
		99E3CBA199B1866B53796034 /* Frameworks */ = {
			isa = PBXFrameworksBuildPhase;
			buildActionMask = 2147483647;
			files = (
			);
			runOnlyForDeploymentPostprocessing = 0;
		};
/* End PBXFrameworksBuildPhase section */

/* Begin PBXGroup section */
		0AC468132E230C6DD3DC9C5C /* BradleysFinanceHub */ = {
			isa = PBXGroup;
			children = (
				8A9485D6005F114AF6B3C85A /* BradleysFinanceHubApp.swift */,
				908202004E1E7335BD8EAF46 /* ContentView.swift */,
				3364627F91C0416717985348 /* LaunchScreen.storyboard */,
				E1PRIVMANIFESTREF0000000001 /* PrivacyInfo.xcprivacy */,
				E1ENTITLEMENTSREF0000000000001 /* BradleysFinanceHub.entitlements */,
				E1ASSETSCATALOG0000000000002 /* Assets.xcassets */,
				E1GRPCORE000000000000001 /* CoreData */,
				8FD4425D4883D278446E90DC /* Models */,
				6FCA4B5420729ADA50E031D3 /* Services */,
				D4966537F34D28519B45634D /* Views */,
			);
			path = BradleysFinanceHub;
			sourceTree = "<group>";
		};
		5374BAD4A725EFE00C3FA890 /* Products */ = {
			isa = PBXGroup;
			children = (
				BB71D8A39F8D07734261FD41 /* BradleysFinanceHub.app */,
			);
			name = Products;
			sourceTree = "<group>";
		};
		6FCA4B5420729ADA50E031D3 /* Services */ = {
			isa = PBXGroup;
			children = (
				05A1000E49F7C82A0BDD33A3 /* AuthenticationService.swift */,
				E1SERVBIOMETRIC000000002 /* BiometricAuthService.swift */,
				CE483704948AA644EB277F8B /* DataService.swift */,
				E1SERVNOTIF00000000000001 /* NotificationsManager.swift */,
				E1SERVEXPORT000000000002 /* DataExportService.swift */,
				E1SERVTHEME00000000000002 /* AppTheme.swift */,
				E1SERVIMPORT0000000000002 /* DataImportService.swift */,
				E1SERVREPORT0000000000002 /* FinancialReportService.swift */,
				E1SERVINSIGHTS000000000002 /* InsightsService.swift */,
				E1SERVHEALTH0000000000002 /* FinancialHealthService.swift */,
			);
			path = Services;
			sourceTree = "<group>";
		};
		82C49FE2D74FC15A47E14CBD /* Auth */ = {
			isa = PBXGroup;
			children = (
				71C54ED6C1334F61DC637B7A /* LoginView.swift */,
				44653403945FE66E79DF44B4 /* RegisterView.swift */,
				AF99FCCE0F24EB29B526F756 /* ResetPasswordView.swift */,
				E1VIEWSIGNINAPPLE00000002 /* SignInWithAppleButtonView.swift */,
				E1VIEWBIOMETRIC000000002 /* BiometricAuthView.swift */,
			);
			path = Auth;
			sourceTree = "<group>";
		};
		8FD4425D4883D278446E90DC /* Models */ = {
			isa = PBXGroup;
			children = (
				8AD00FBC11EA572C0E9B48EB /* Activity.swift */,
				92D637694ABC58315BFDF936 /* Budget.swift */,
				4E7FB4E83991EF5D8A62C672 /* Debt.swift */,
				6C4DCC42EA8523175ECCE2FD /* NetWorth.swift */,
				ABF42170847F58E5488FCC9F /* SavingsGoal.swift */,
				1C5BEE8D62642550BCD841D0 /* User.swift */,
				E1MODELTRANS0000000000002 /* Transaction.swift */,
				E1MODELPAYMENT00000000002 /* DebtPayment.swift */,
				E1MODELCONTRIB00000000002 /* SavingsContribution.swift */,
				E1MODELBUDGETCAT00000002 /* BudgetCategory.swift */,
				E1MODELNWCAT00000000002 /* NetWorthCategory.swift */,
				E1MODELRECURRING0000000002 /* RecurringTransaction.swift */,
				E1MODELACCOUNT000000000002 /* Account.swift */,
				E1MODELRECEIPT0000000000002 /* Receipt.swift */,
				E1MODELHEALTH0000000000002 /* FinancialHealthScore.swift */,
				E1MODELTEMPLATE000000000002 /* BudgetTemplate.swift */,
			);
			path = Models;
			sourceTree = "<group>";
		};
		B1D206BB9841C97482DD9186 = {
			isa = PBXGroup;
			children = (
				0AC468132E230C6DD3DC9C5C /* BradleysFinanceHub */,
				5374BAD4A725EFE00C3FA890 /* Products */,
			);
			sourceTree = "<group>";
		};
		D4966537F34D28519B45634D /* Views */ = {
			isa = PBXGroup;
			children = (
				CDBE53B32AB6AAF3819626BD /* BudgetView.swift */,
				08F6D776416A0ABE53A17452 /* DashboardView.swift */,
				5DB51723C60BF6087D5B39BA /* DebtTrackerView.swift */,
				E1VIEWNETWORTH00000000001 /* NetWorthView.swift */,
				E1VIEWCREDIT0000000000001 /* CreditScoreEstimatorView.swift */,
				E1VIEWACTIVITY000000000001 /* ActivityFeedView.swift */,
				E1VIEWCHAL000000000000001 /* ChallengeLibraryView.swift */,
				E1VIEWNOTIFS0000000000001 /* NotificationsView.swift */,
				E1VIEWSMOKE00000000000001 /* SmokeTestView.swift */,
				E1VIEWVELOC00000000000001 /* VelocityCalculatorView.swift */,
				E1VIEWTRANS00000000000001 /* TransactionsView.swift */,
				E1VIEWCHARTS0000000000001 /* ChartsView.swift */,
				E1VIEWSETTINGS00000000001 /* SettingsView.swift */,
				E1VIEWPRIVACY0000000000002 /* PrivacyPolicyView.swift */,
				E1VIEWTERMS0000000000000002 /* TermsOfServiceView.swift */,
				E1VIEWFILTERS00000000001 /* TransactionFiltersView.swift */,
				E1VIEWNWBREAK00000000001 /* NetWorthBreakdownView.swift */,
				E1VIEWMILESTONE0000000001 /* GoalMilestonesView.swift */,
				E1VIEWRECURRING00000000002 /* RecurringTransactionsView.swift */,
				E1VIEWREPORTS0000000000002 /* ReportsView.swift */,
				E1VIEWINSIGHTS000000000002 /* InsightsView.swift */,
				E1VIEWCALENDAR000000000002 /* FinancialCalendarView.swift */,
				E1VIEWACCOUNTS0000000000002 /* AccountsView.swift */,
				E1VIEWHEALTH0000000000002 /* FinancialHealthScoreView.swift */,
				E1VIEWPAYOFF00000000000002 /* DebtPayoffTimelineView.swift */,
				E1VIEWEMERGENCY00000000002 /* EmergencyFundTrackerView.swift */,
				E1VIEWTEMPLATE0000000000002 /* BudgetTemplateView.swift */,
				E1VIEWIMPORT00000000000002 /* DataImportView.swift */,
				B4284F59E570C6013A4C507B /* MainTabView.swift */,
				D256586BB9D076CAF08CEBCB /* SavingsGoalsView.swift */,
				82C49FE2D74FC15A47E14CBD /* Auth */,
			);
			path = Views;
			sourceTree = "<group>";
		};
		E1GRPCORE000000000000001 /* CoreData */ = {
			isa = PBXGroup;
			children = (
				E1CDSTACK0000000000000001 /* CoreDataStack.swift */,
				E1CDENTS0000000000000001 /* Entities.swift */,
			);
			path = CoreData;
			sourceTree = "<group>";
		};
/* End PBXGroup section */

/* Begin PBXNativeTarget section */
		9D057CB7F4BE72360E6FF7EE /* BradleysFinanceHub */ = {
			isa = PBXNativeTarget;
			buildConfigurationList = B406D4DAB05EE420E9EDFDD2 /* Build configuration list for PBXNativeTarget "BradleysFinanceHub" */;
			buildPhases = (
				BE244A2A8D6B55BA32888C9B /* Sources */,
				19C1421F4525BCBB415F6289 /* Resources */,
				99E3CBA199B1866B53796034 /* Frameworks */,
			);
			buildRules = (
			);
			dependencies = (
			);
			name = BradleysFinanceHub;
			packageProductDependencies = (
			);
			productName = BradleysFinanceHub;
			productReference = BB71D8A39F8D07734261FD41 /* BradleysFinanceHub.app */;
			productType = "com.apple.product-type.application";
		};
/* End PBXNativeTarget section */

/* Begin PBXProject section */
		B3D458AAD931197E561FD366 /* Project object */ = {
			isa = PBXProject;
			attributes = {
				BuildIndependentTargetsInParallel = YES;
				LastUpgradeCheck = 1620;
				TargetAttributes = {
					9D057CB7F4BE72360E6FF7EE = {
						ProvisioningStyle = Automatic;
					};
				};
			};
			buildConfigurationList = D5EE205EEA39A24886306030 /* Build configuration list for PBXProject "BradleysFinanceHub" */;
			compatibilityVersion = "Xcode 14.0";
			developmentRegion = en;
			hasScannedForEncodings = 0;
			knownRegions = (
				Base,
				en,
			);
			mainGroup = B1D206BB9841C97482DD9186;
			minimizedProjectReferenceProxies = 1;
			packageReferences = (
			
			ba8e39bf086f4217bd8ffd28 /* XCRemoteSwiftPackageReference "plaid-link-ios" */,
		);
			projectDirPath = "";
			projectRoot = "";
			targets = (
				9D057CB7F4BE72360E6FF7EE /* BradleysFinanceHub */,
			);
		};

/* Begin XCRemoteSwiftPackageReference section */
		ba8e39bf086f4217bd8ffd28 /* XCRemoteSwiftPackageReference "plaid-link-ios" */ = {
			isa = XCRemoteSwiftPackageReference;
			repositoryURL = "https://github.com/plaid/plaid-link-ios";
			requirement = {
				kind = upToNextMajorVersion;
				minimumVersion = 3.0.0;
			};
		};
/* End XCRemoteSwiftPackageReference section */

/* End PBXProject section */

/* Begin PBXResourcesBuildPhase section */
		19C1421F4525BCBB415F6289 /* Resources */ = {
			isa = PBXResourcesBuildPhase;
			buildActionMask = 2147483647;
			files = (
				E1PRIVMANIFESTBUILD0000000001 /* PrivacyInfo.xcprivacy in Resources */,
				E1ASSETSCATALOG0000000000001 /* Assets.xcassets in Resources */,
			);
			runOnlyForDeploymentPostprocessing = 0;
		};
/* End PBXResourcesBuildPhase section */

/* Begin PBXSourcesBuildPhase section */
		BE244A2A8D6B55BA32888C9B /* Sources */ = {
			isa = PBXSourcesBuildPhase;
			buildActionMask = 2147483647;
			files = (
				DDF1EAF434FCDF0A6129F919 /* Activity.swift in Sources */,
				DF2D29454B3DC61B13CB69EB /* AuthenticationService.swift in Sources */,
				823B9E10A5F6A51891698916 /* BradleysFinanceHubApp.swift in Sources */,
				C52AC95D3B1162AE04771AFF /* Budget.swift in Sources */,
				1A97F3013E39BEEC58493A68 /* BudgetView.swift in Sources */,
				BD998FA6BDB75D63C9B6E885 /* ContentView.swift in Sources */,
				7FA766DD6AD7C37B9043B443 /* DashboardView.swift in Sources */,
				214379DC72F13DAB17FCD315 /* DataService.swift in Sources */,
				E1A1A1A1A1A1A1A1A1A1A1A3 /* NotificationsManager.swift in Sources */,
				75607BF292CA13296EAE2B98 /* Debt.swift in Sources */,
				2A1DB7F13F619AFE53C29C21 /* DebtTrackerView.swift in Sources */,
				42076C7ABF11E4810A321551 /* LoginView.swift in Sources */,
				A6EC10838CAEB8737619C232 /* MainTabView.swift in Sources */,
				E1A1A1A1A1A1A1A1A1A1A1AA /* VelocityCalculatorView.swift in Sources */,
				0858982E3977DCE378110A60 /* NetWorth.swift in Sources */,
				E1A1A1A1A1A1A1A1A1A1A1A7 /* NetWorthView.swift in Sources */,
				E1A1A1A1A1A1A1A1A1A1A1A6 /* CreditScoreEstimatorView.swift in Sources */,
				E1A1A1A1A1A1A1A1A1A1A1A4 /* ActivityFeedView.swift in Sources */,
				E1A1A1A1A1A1A1A1A1A1A1A5 /* ChallengeLibraryView.swift in Sources */,
				E1A1A1A1A1A1A1A1A1A1A1A8 /* NotificationsView.swift in Sources */,
				BD8C59571FF335458F359B22 /* RegisterView.swift in Sources */,
				CC762EF22823411D0014F675 /* ResetPasswordView.swift in Sources */,
				A6BAD69311722E8C33D9A33A /* SavingsGoal.swift in Sources */,
				B3DA761C34A9C68BE8184453 /* SavingsGoalsView.swift in Sources */,
				513DB93593805FC5FBE18199 /* User.swift in Sources */,
				E1A1A1A1A1A1A1A1A1A1A1A1 /* CoreDataStack.swift in Sources */,
				E1A1A1A1A1A1A1A1A1A1A1A2 /* Entities.swift in Sources */,
				E1A1A1A1A1A1A1A1A1A1A1A9 /* SmokeTestView.swift in Sources */,
				E1A1A1A1A1A1A1A1A1A1A1AB /* TransactionsView.swift in Sources */,
				E1A1A1A1A1A1A1A1A1A1A1AC /* ChartsView.swift in Sources */,
				E1A1A1A1A1A1A1A1A1A1A1AD /* SettingsView.swift in Sources */,
				E1A1A1A1A1A1A1A1A1A1A1AE /* TransactionFiltersView.swift in Sources */,
				E1A1A1A1A1A1A1A1A1A1A1AF /* NetWorthBreakdownView.swift in Sources */,
				E1A1A1A1A1A1A1A1A1A1A1B0 /* GoalMilestonesView.swift in Sources */,
				E1MODELTRANS0000000000001 /* Transaction.swift in Sources */,
				E1MODELPAYMENT00000000001 /* DebtPayment.swift in Sources */,
				E1MODELCONTRIB00000000001 /* SavingsContribution.swift in Sources */,
				E1MODELBUDGETCAT00000001 /* BudgetCategory.swift in Sources */,
				E1MODELNWCAT00000000001 /* NetWorthCategory.swift in Sources */,
				E1SERVEXPORT000000000001 /* DataExportService.swift in Sources */,
				E1SERVTHEME00000000000001 /* AppTheme.swift in Sources */,
				E1VIEWPRIVACY0000000000001 /* PrivacyPolicyView.swift in Sources */,
				E1VIEWTERMS0000000000000001 /* TermsOfServiceView.swift in Sources */,
				E1VIEWSIGNINAPPLE00000001 /* SignInWithAppleButtonView.swift in Sources */,
				E1SERVBIOMETRIC000000001 /* BiometricAuthService.swift in Sources */,
				E1VIEWBIOMETRIC000000001 /* BiometricAuthView.swift in Sources */,
				E1MODELRECURRING0000000001 /* RecurringTransaction.swift in Sources */,
				E1MODELACCOUNT000000000001 /* Account.swift in Sources */,
				E1MODELRECEIPT0000000000001 /* Receipt.swift in Sources */,
				E1MODELHEALTH0000000000001 /* FinancialHealthScore.swift in Sources */,
				E1MODELTEMPLATE000000000001 /* BudgetTemplate.swift in Sources */,
				E1SERVIMPORT0000000000001 /* DataImportService.swift in Sources */,
				E1SERVREPORT0000000000001 /* FinancialReportService.swift in Sources */,
				E1SERVINSIGHTS000000000001 /* InsightsService.swift in Sources */,
				E1SERVHEALTH0000000000001 /* FinancialHealthService.swift in Sources */,
				E1VIEWRECURRING00000000001 /* RecurringTransactionsView.swift in Sources */,
				E1VIEWREPORTS0000000000001 /* ReportsView.swift in Sources */,
				E1VIEWINSIGHTS000000000001 /* InsightsView.swift in Sources */,
				E1VIEWCALENDAR000000000001 /* FinancialCalendarView.swift in Sources */,
				E1VIEWACCOUNTS0000000000001 /* AccountsView.swift in Sources */,
				E1VIEWHEALTH0000000000001 /* FinancialHealthScoreView.swift in Sources */,
				E1VIEWPAYOFF00000000000001 /* DebtPayoffTimelineView.swift in Sources */,
				E1VIEWEMERGENCY00000000001 /* EmergencyFundTrackerView.swift in Sources */,
				E1VIEWTEMPLATE0000000000001 /* BudgetTemplateView.swift in Sources */,
				E1VIEWIMPORT00000000000001 /* DataImportView.swift in Sources */,
			);
			runOnlyForDeploymentPostprocessing = 0;
		};
/* End PBXSourcesBuildPhase section */

/* Begin XCBuildConfiguration section */
		2319D4E024F96A11984373CA /* Debug */ = {
			isa = XCBuildConfiguration;
			buildSettings = {
				ARCHS = "$(ARCHS_STANDARD)";
				ASSETCATALOG_COMPILER_APPICON_NAME = AppIcon;
				CODE_SIGN_ENTITLEMENTS = BradleysFinanceHub/BradleysFinanceHub.entitlements;
				CODE_SIGN_IDENTITY = "iPhone Developer";
				CODE_SIGN_STYLE = Automatic;
				CURRENT_PROJECT_VERSION = 1;
				DEVELOPMENT_TEAM = 4SQJ3AH62S;
				"EXCLUDED_ARCHS[sdk=iphone*]" = "";
				INFOPLIST_FILE = BradleysFinanceHub/Info.plist;
				INFOPLIST_KEY_UIApplicationSceneManifest_Generation = YES;
				INFOPLIST_KEY_UILaunchScreen_Generation = YES;
				INFOPLIST_KEY_UISupportedInterfaceOrientations = UIInterfaceOrientationPortrait;
				INFOPLIST_KEY_UISupportedInterfaceOrientations_iPad = "UIInterfaceOrientationPortrait UIInterfaceOrientationPortraitUpsideDown UIInterfaceOrientationLandscapeLeft UIInterfaceOrientationLandscapeRight";
				IPHONEOS_DEPLOYMENT_TARGET = 17.0;
				LD_RUNPATH_SEARCH_PATHS = (
					"$(inherited)",
					"@executable_path/Frameworks",
				);
				MARKETING_VERSION = 2.0;
				ONLY_ACTIVE_ARCH = NO;
				PRODUCT_BUNDLE_IDENTIFIER = com.bradleysfinancehub.app;
				PRODUCT_NAME = BradleysFinanceHub;
				SDKROOT = iphoneos;
				SWIFT_VERSION = 5.0;
				TARGETED_DEVICE_FAMILY = "1,2";
			};
			name = Debug;
		};
		23A6F34063929087AEC2A6DD /* Release */ = {
			isa = XCBuildConfiguration;
			buildSettings = {
				ARCHS = "$(ARCHS_STANDARD)";
				ASSETCATALOG_COMPILER_APPICON_NAME = AppIcon;
				CODE_SIGN_ENTITLEMENTS = BradleysFinanceHub/BradleysFinanceHub.entitlements;
				CODE_SIGN_STYLE = Automatic;
				CURRENT_PROJECT_VERSION = 1;
				DEVELOPMENT_TEAM = 4SQJ3AH62S;
				"EXCLUDED_ARCHS[sdk=iphone*]" = "";
				INFOPLIST_FILE = BradleysFinanceHub/Info.plist;
				INFOPLIST_KEY_UIApplicationSceneManifest_Generation = YES;
				INFOPLIST_KEY_UILaunchScreen_Generation = YES;
				INFOPLIST_KEY_UISupportedInterfaceOrientations = UIInterfaceOrientationPortrait;
				INFOPLIST_KEY_UISupportedInterfaceOrientations_iPad = "UIInterfaceOrientationPortrait UIInterfaceOrientationPortraitUpsideDown UIInterfaceOrientationLandscapeLeft UIInterfaceOrientationLandscapeRight";
				IPHONEOS_DEPLOYMENT_TARGET = 17.0;
				LD_RUNPATH_SEARCH_PATHS = (
					"$(inherited)",
					"@executable_path/Frameworks",
				);
				MARKETING_VERSION = 2.0;
				ONLY_ACTIVE_ARCH = NO;
				PRODUCT_BUNDLE_IDENTIFIER = com.bradleysfinancehub.app;
				PRODUCT_NAME = BradleysFinanceHub;
				SDKROOT = iphoneos;
				SWIFT_VERSION = 5.0;
				TARGETED_DEVICE_FAMILY = "1,2";
			};
			name = Release;
		};
		6B54355ABBDDCCBC5C0A73F5 /* Debug */ = {
			isa = XCBuildConfiguration;
			buildSettings = {
				ALWAYS_SEARCH_USER_PATHS = NO;
				ARCHS = "$(ARCHS_STANDARD)";
				ASSETCATALOG_COMPILER_GENERATE_SWIFT_ASSET_SYMBOL_EXTENSIONS = YES;
				CLANG_ANALYZER_NONNULL = YES;
				CLANG_ANALYZER_NUMBER_OBJECT_CONVERSION = YES_AGGRESSIVE;
				CLANG_CXX_LANGUAGE_STANDARD = "gnu++14";
				CLANG_CXX_LIBRARY = "libc++";
				CLANG_ENABLE_MODULES = YES;
				CLANG_ENABLE_OBJC_ARC = YES;
				CLANG_ENABLE_OBJC_WEAK = YES;
				CLANG_WARN_BLOCK_CAPTURE_AUTORELEASING = YES;
				CLANG_WARN_BOOL_CONVERSION = YES;
				CLANG_WARN_COMMA = YES;
				CLANG_WARN_CONSTANT_CONVERSION = YES;
				CLANG_WARN_DEPRECATED_OBJC_IMPLEMENTATIONS = YES;
				CLANG_WARN_DIRECT_OBJC_ISA_USAGE = YES_ERROR;
				CLANG_WARN_DOCUMENTATION_COMMENTS = YES;
				CLANG_WARN_EMPTY_BODY = YES;
				CLANG_WARN_ENUM_CONVERSION = YES;
				CLANG_WARN_INFINITE_RECURSION = YES;
				CLANG_WARN_INT_CONVERSION = YES;
				CLANG_WARN_NON_LITERAL_NULL_CONVERSION = YES;
				CLANG_WARN_OBJC_IMPLICIT_RETAIN_SELF = YES;
				CLANG_WARN_OBJC_LITERAL_CONVERSION = YES;
				CLANG_WARN_OBJC_ROOT_CLASS = YES_ERROR;
				CLANG_WARN_QUOTED_INCLUDE_IN_FRAMEWORK_HEADER = YES;
				CLANG_WARN_RANGE_LOOP_ANALYSIS = YES;
				CLANG_WARN_STRICT_PROTOTYPES = YES;
				CLANG_WARN_SUSPICIOUS_MOVE = YES;
				CLANG_WARN_UNGUARDED_AVAILABILITY = YES_AGGRESSIVE;
				CLANG_WARN_UNREACHABLE_CODE = YES;
				CLANG_WARN__DUPLICATE_METHOD_MATCH = YES;
				COPY_PHASE_STRIP = NO;
				DEBUG_INFORMATION_FORMAT = dwarf;
				ENABLE_STRICT_OBJC_MSGSEND = YES;
				ENABLE_TESTABILITY = YES;
				ENABLE_USER_SCRIPT_SANDBOXING = YES;
				"EXCLUDED_ARCHS[sdk=iphonesimulator*]" = "";
				GCC_C_LANGUAGE_STANDARD = gnu11;
				GCC_DYNAMIC_NO_PIC = NO;
				GCC_NO_COMMON_BLOCKS = YES;
				GCC_OPTIMIZATION_LEVEL = 0;
				GCC_PREPROCESSOR_DEFINITIONS = (
					"$(inherited)",
					"DEBUG=1",
				);
				GCC_WARN_64_TO_32_BIT_CONVERSION = YES;
				GCC_WARN_ABOUT_RETURN_TYPE = YES_ERROR;
				GCC_WARN_UNDECLARED_SELECTOR = YES;
				GCC_WARN_UNINITIALIZED_AUTOS = YES_AGGRESSIVE;
				GCC_WARN_UNUSED_FUNCTION = YES;
				GCC_WARN_UNUSED_VARIABLE = YES;
				IPHONEOS_DEPLOYMENT_TARGET = 17.0;
				MTL_ENABLE_DEBUG_INFO = INCLUDE_SOURCE;
				MTL_FAST_MATH = YES;
				ONLY_ACTIVE_ARCH = NO;
				PRODUCT_NAME = "$(TARGET_NAME)";
				SDKROOT = iphoneos;
				SWIFT_ACTIVE_COMPILATION_CONDITIONS = DEBUG;
				SWIFT_OPTIMIZATION_LEVEL = "-Onone";
				SWIFT_VERSION = 5.0;
			};
			name = Debug;
		};
		B546453C24CDA2259EDD0ED7 /* Release */ = {
			isa = XCBuildConfiguration;
			buildSettings = {
				ALWAYS_SEARCH_USER_PATHS = NO;
				ARCHS = "$(ARCHS_STANDARD)";
				ASSETCATALOG_COMPILER_GENERATE_SWIFT_ASSET_SYMBOL_EXTENSIONS = YES;
				CLANG_ANALYZER_NONNULL = YES;
				CLANG_ANALYZER_NUMBER_OBJECT_CONVERSION = YES_AGGRESSIVE;
				CLANG_CXX_LANGUAGE_STANDARD = "gnu++14";
				CLANG_CXX_LIBRARY = "libc++";
				CLANG_ENABLE_MODULES = YES;
				CLANG_ENABLE_OBJC_ARC = YES;
				CLANG_ENABLE_OBJC_WEAK = YES;
				CLANG_WARN_BLOCK_CAPTURE_AUTORELEASING = YES;
				CLANG_WARN_BOOL_CONVERSION = YES;
				CLANG_WARN_COMMA = YES;
				CLANG_WARN_CONSTANT_CONVERSION = YES;
				CLANG_WARN_DEPRECATED_OBJC_IMPLEMENTATIONS = YES;
				CLANG_WARN_DIRECT_OBJC_ISA_USAGE = YES_ERROR;
				CLANG_WARN_DOCUMENTATION_COMMENTS = YES;
				CLANG_WARN_EMPTY_BODY = YES;
				CLANG_WARN_ENUM_CONVERSION = YES;
				CLANG_WARN_INFINITE_RECURSION = YES;
				CLANG_WARN_INT_CONVERSION = YES;
				CLANG_WARN_NON_LITERAL_NULL_CONVERSION = YES;
				CLANG_WARN_OBJC_IMPLICIT_RETAIN_SELF = YES;
				CLANG_WARN_OBJC_LITERAL_CONVERSION = YES;
				CLANG_WARN_OBJC_ROOT_CLASS = YES_ERROR;
				CLANG_WARN_QUOTED_INCLUDE_IN_FRAMEWORK_HEADER = YES;
				CLANG_WARN_RANGE_LOOP_ANALYSIS = YES;
				CLANG_WARN_STRICT_PROTOTYPES = YES;
				CLANG_WARN_SUSPICIOUS_MOVE = YES;
				CLANG_WARN_UNGUARDED_AVAILABILITY = YES_AGGRESSIVE;
				CLANG_WARN_UNREACHABLE_CODE = YES;
				CLANG_WARN__DUPLICATE_METHOD_MATCH = YES;
				COPY_PHASE_STRIP = NO;
				DEBUG_INFORMATION_FORMAT = "dwarf-with-dsym";
				ENABLE_NS_ASSERTIONS = NO;
				ENABLE_STRICT_OBJC_MSGSEND = YES;
				ENABLE_USER_SCRIPT_SANDBOXING = YES;
				"EXCLUDED_ARCHS[sdk=iphonesimulator*]" = "";
				GCC_C_LANGUAGE_STANDARD = gnu11;
				GCC_NO_COMMON_BLOCKS = YES;
				GCC_WARN_64_TO_32_BIT_CONVERSION = YES;
				GCC_WARN_ABOUT_RETURN_TYPE = YES_ERROR;
				GCC_WARN_UNDECLARED_SELECTOR = YES;
				GCC_WARN_UNINITIALIZED_AUTOS = YES_AGGRESSIVE;
				GCC_WARN_UNUSED_FUNCTION = YES;
				GCC_WARN_UNUSED_VARIABLE = YES;
				IPHONEOS_DEPLOYMENT_TARGET = 17.0;
				MTL_ENABLE_DEBUG_INFO = NO;
				MTL_FAST_MATH = YES;
				ONLY_ACTIVE_ARCH = NO;
				PRODUCT_NAME = "$(TARGET_NAME)";
				SDKROOT = iphoneos;
				SWIFT_COMPILATION_MODE = wholemodule;
				SWIFT_OPTIMIZATION_LEVEL = "-O";
				SWIFT_VERSION = 5.0;
			};
			name = Release;
		};
/* End XCBuildConfiguration section */

/* Begin XCConfigurationList section */
		B406D4DAB05EE420E9EDFDD2 /* Build configuration list for PBXNativeTarget "BradleysFinanceHub" */ = {
			isa = XCConfigurationList;
			buildConfigurations = (
				2319D4E024F96A11984373CA /* Debug */,
				23A6F34063929087AEC2A6DD /* Release */,
			);
			defaultConfigurationIsVisible = 0;
			defaultConfigurationName = Debug;
		};
		D5EE205EEA39A24886306030 /* Build configuration list for PBXProject "BradleysFinanceHub" */ = {
			isa = XCConfigurationList;
			buildConfigurations = (
				6B54355ABBDDCCBC5C0A73F5 /* Debug */,
				B546453C24CDA2259EDD0ED7 /* Release */,
			);
			defaultConfigurationIsVisible = 0;
			defaultConfigurationName = Debug;
		};
/* End XCConfigurationList section */
	};
	rootObject = B3D458AAD931197E561FD366 /* Project object */;
}
