{
  "originHash" : "504a68837e5809de78d40418c5bd097114a0ae5cb53b5a40cc3d33ff07b0da6d",
  "pins" : [
    {
      "identity" : "plaid-link-ios",
      "kind" : "remoteSourceControl",
      "location" : "https://github.com/plaid/plaid-link-ios",
      "state" : {
        "revision" : "5eba7da849e0368517d58fdb312ba5a57cd0f267",
        "version" : "3.1.1"
      }
    }
  ],
  "version" : 3
}
